
Microsoft Visual Studio Solution File, Format Version 12.00
# Visual Studio Version 17
VisualStudioVersion = 17.3.32929.385
MinimumVisualStudioVersion = 10.0.40219.1
Project("{9A19103F-16F7-4668-BE54-9A1E7A4F7556}") = "WebAPI", "WebAPI\WebAPI.csproj", "{F41D9C85-ADBA-45C8-BB76-CAA625DF6699}"
EndProject
Project("{9A19103F-16F7-4668-BE54-9A1E7A4F7556}") = "WebAPI.Tests", "WebApi.Tests\WebAPI.Tests.csproj", "{6140A97C-5C87-43B1-8EF9-029BB9B9B437}"
EndProject
Project("{FAE04EC0-301F-11D3-BF4B-00C04F79EFBC}") = "WebAPI.ITest", "WebAPI.ITest\WebAPI.ITest.csproj", "{EAF9BB18-B42C-4805-858C-8C436B7711FD}"
EndProject
Global
	GlobalSection(SolutionConfigurationPlatforms) = preSolution
		Debug|Any CPU = Debug|Any CPU
		Release|Any CPU = Release|Any CPU
	EndGlobalSection
	GlobalSection(ProjectConfigurationPlatforms) = postSolution
		{F41D9C85-ADBA-45C8-BB76-CAA625DF6699}.Debug|Any CPU.ActiveCfg = Debug|Any CPU
		{F41D9C85-ADBA-45C8-BB76-CAA625DF6699}.Debug|Any CPU.Build.0 = Debug|Any CPU
		{F41D9C85-ADBA-45C8-BB76-CAA625DF6699}.Release|Any CPU.ActiveCfg = Release|Any CPU
		{F41D9C85-ADBA-45C8-BB76-CAA625DF6699}.Release|Any CPU.Build.0 = Release|Any CPU
		{6140A97C-5C87-43B1-8EF9-029BB9B9B437}.Debug|Any CPU.ActiveCfg = Debug|Any CPU
		{6140A97C-5C87-43B1-8EF9-029BB9B9B437}.Debug|Any CPU.Build.0 = Debug|Any CPU
		{6140A97C-5C87-43B1-8EF9-029BB9B9B437}.Release|Any CPU.ActiveCfg = Release|Any CPU
		{6140A97C-5C87-43B1-8EF9-029BB9B9B437}.Release|Any CPU.Build.0 = Release|Any CPU
		{EAF9BB18-B42C-4805-858C-8C436B7711FD}.Debug|Any CPU.ActiveCfg = Debug|Any CPU
		{EAF9BB18-B42C-4805-858C-8C436B7711FD}.Debug|Any CPU.Build.0 = Debug|Any CPU
		{EAF9BB18-B42C-4805-858C-8C436B7711FD}.Release|Any CPU.ActiveCfg = Release|Any CPU
		{EAF9BB18-B42C-4805-858C-8C436B7711FD}.Release|Any CPU.Build.0 = Release|Any CPU
	EndGlobalSection
	GlobalSection(SolutionProperties) = preSolution
		HideSolutionNode = FALSE
	EndGlobalSection
	GlobalSection(ExtensibilityGlobals) = postSolution
		SolutionGuid = {3EC7B3C9-496C-4AB2-88C0-13F5E9EFA9EA}
	EndGlobalSection
EndGlobal
